
Microsoft Visual Studio Solution File, Format Version 12.00
# Visual Studio Version 16
VisualStudioVersion = 16.0.30309.148
MinimumVisualStudioVersion = 10.0.40219.1
Project("{9A19103F-16F7-4668-BE54-9A1E7A4F7556}") = "PokeDex.Services", "PokeDex.Services\PokeDex.Services.csproj", "{B634F2A5-A015-4E0E-9D58-4CED81C572D2}"
EndProject
Project("{9A19103F-16F7-4668-BE54-9A1E7A4F7556}") = "PokeDex.Services.Tests", "PokeDex.Services.Tests\PokeDex.Services.Tests.csproj", "{9D4745DA-4292-4DAD-AD7A-69B4FE19C28D}"
EndProject
Project("{9A19103F-16F7-4668-BE54-9A1E7A4F7556}") = "PokeDex.Infrastructure", "PokeDex.Infrastructure\PokeDex.Infrastructure.csproj", "{C60C5BEF-968B-48B2-88ED-A28026463D49}"
EndProject
Project("{9A19103F-16F7-4668-BE54-9A1E7A4F7556}") = "PokeDex.PokeAPI.Provider", "PokeDex.PokeAPI.Provider\PokeDex.PokeAPI.Provider.csproj", "{0296A00D-8846-41B4-9713-C3739E657D87}"
EndProject
Project("{9A19103F-16F7-4668-BE54-9A1E7A4F7556}") = "PokeDex.Web.API.Tests", "PokeDex.Web.API.Tests\PokeDex.Web.API.Tests.csproj", "{5505BD64-B5CF-4A05-82FC-C8F0733B14BD}"
EndProject
Project("{2150E333-8FDC-42A3-9474-1A3956D46DE8}") = "01 Infrastructure", "01 Infrastructure", "{407CF4F2-B7C5-49D3-8506-8D746AC5D2E2}"
EndProject
Project("{2150E333-8FDC-42A3-9474-1A3956D46DE8}") = "02 Providers", "02 Providers", "{71FB69FE-8FA5-4CCE-81E3-615F1A6820AA}"
EndProject
Project("{2150E333-8FDC-42A3-9474-1A3956D46DE8}") = "03 Services", "03 Services", "{CBE6E398-C33E-4D27-A2AF-D161D4429019}"
EndProject
Project("{2150E333-8FDC-42A3-9474-1A3956D46DE8}") = "04 API", "04 API", "{68F383E9-1DB8-4681-9ABA-255ED77627DF}"
EndProject
Project("{9A19103F-16F7-4668-BE54-9A1E7A4F7556}") = "PokeDex.FunTranslations.Provider", "PokeDex.Services.FunTranslations\PokeDex.FunTranslations.Provider.csproj", "{BE1AFEEE-4251-4004-A146-F9F3AA31D7C7}"
EndProject
Project("{9A19103F-16F7-4668-BE54-9A1E7A4F7556}") = "PokeDex.Web.API", "PokeDex.Web.API\PokeDex.Web.API.csproj", "{EB3B32DF-05FB-4504-8F31-14A6D90AFD06}"
EndProject
Global
	GlobalSection(SolutionConfigurationPlatforms) = preSolution
		Debug|Any CPU = Debug|Any CPU
		Release|Any CPU = Release|Any CPU
	EndGlobalSection
	GlobalSection(ProjectConfigurationPlatforms) = postSolution
		{B634F2A5-A015-4E0E-9D58-4CED81C572D2}.Debug|Any CPU.ActiveCfg = Debug|Any CPU
		{B634F2A5-A015-4E0E-9D58-4CED81C572D2}.Debug|Any CPU.Build.0 = Debug|Any CPU
		{B634F2A5-A015-4E0E-9D58-4CED81C572D2}.Release|Any CPU.ActiveCfg = Release|Any CPU
		{B634F2A5-A015-4E0E-9D58-4CED81C572D2}.Release|Any CPU.Build.0 = Release|Any CPU
		{9D4745DA-4292-4DAD-AD7A-69B4FE19C28D}.Debug|Any CPU.ActiveCfg = Debug|Any CPU
		{9D4745DA-4292-4DAD-AD7A-69B4FE19C28D}.Debug|Any CPU.Build.0 = Debug|Any CPU
		{9D4745DA-4292-4DAD-AD7A-69B4FE19C28D}.Release|Any CPU.ActiveCfg = Release|Any CPU
		{9D4745DA-4292-4DAD-AD7A-69B4FE19C28D}.Release|Any CPU.Build.0 = Release|Any CPU
		{C60C5BEF-968B-48B2-88ED-A28026463D49}.Debug|Any CPU.ActiveCfg = Debug|Any CPU
		{C60C5BEF-968B-48B2-88ED-A28026463D49}.Debug|Any CPU.Build.0 = Debug|Any CPU
		{C60C5BEF-968B-48B2-88ED-A28026463D49}.Release|Any CPU.ActiveCfg = Release|Any CPU
		{C60C5BEF-968B-48B2-88ED-A28026463D49}.Release|Any CPU.Build.0 = Release|Any CPU
		{0296A00D-8846-41B4-9713-C3739E657D87}.Debug|Any CPU.ActiveCfg = Debug|Any CPU
		{0296A00D-8846-41B4-9713-C3739E657D87}.Debug|Any CPU.Build.0 = Debug|Any CPU
		{0296A00D-8846-41B4-9713-C3739E657D87}.Release|Any CPU.ActiveCfg = Release|Any CPU
		{0296A00D-8846-41B4-9713-C3739E657D87}.Release|Any CPU.Build.0 = Release|Any CPU
		{5505BD64-B5CF-4A05-82FC-C8F0733B14BD}.Debug|Any CPU.ActiveCfg = Debug|Any CPU
		{5505BD64-B5CF-4A05-82FC-C8F0733B14BD}.Debug|Any CPU.Build.0 = Debug|Any CPU
		{5505BD64-B5CF-4A05-82FC-C8F0733B14BD}.Release|Any CPU.ActiveCfg = Release|Any CPU
		{5505BD64-B5CF-4A05-82FC-C8F0733B14BD}.Release|Any CPU.Build.0 = Release|Any CPU
		{BE1AFEEE-4251-4004-A146-F9F3AA31D7C7}.Debug|Any CPU.ActiveCfg = Debug|Any CPU
		{BE1AFEEE-4251-4004-A146-F9F3AA31D7C7}.Debug|Any CPU.Build.0 = Debug|Any CPU
		{BE1AFEEE-4251-4004-A146-F9F3AA31D7C7}.Release|Any CPU.ActiveCfg = Release|Any CPU
		{BE1AFEEE-4251-4004-A146-F9F3AA31D7C7}.Release|Any CPU.Build.0 = Release|Any CPU
		{EB3B32DF-05FB-4504-8F31-14A6D90AFD06}.Debug|Any CPU.ActiveCfg = Debug|Any CPU
		{EB3B32DF-05FB-4504-8F31-14A6D90AFD06}.Debug|Any CPU.Build.0 = Debug|Any CPU
		{EB3B32DF-05FB-4504-8F31-14A6D90AFD06}.Release|Any CPU.ActiveCfg = Release|Any CPU
		{EB3B32DF-05FB-4504-8F31-14A6D90AFD06}.Release|Any CPU.Build.0 = Release|Any CPU
	EndGlobalSection
	GlobalSection(SolutionProperties) = preSolution
		HideSolutionNode = FALSE
	EndGlobalSection
	GlobalSection(NestedProjects) = preSolution
		{B634F2A5-A015-4E0E-9D58-4CED81C572D2} = {CBE6E398-C33E-4D27-A2AF-D161D4429019}
		{9D4745DA-4292-4DAD-AD7A-69B4FE19C28D} = {CBE6E398-C33E-4D27-A2AF-D161D4429019}
		{C60C5BEF-968B-48B2-88ED-A28026463D49} = {407CF4F2-B7C5-49D3-8506-8D746AC5D2E2}
		{0296A00D-8846-41B4-9713-C3739E657D87} = {71FB69FE-8FA5-4CCE-81E3-615F1A6820AA}
		{5505BD64-B5CF-4A05-82FC-C8F0733B14BD} = {68F383E9-1DB8-4681-9ABA-255ED77627DF}
		{BE1AFEEE-4251-4004-A146-F9F3AA31D7C7} = {71FB69FE-8FA5-4CCE-81E3-615F1A6820AA}
		{EB3B32DF-05FB-4504-8F31-14A6D90AFD06} = {68F383E9-1DB8-4681-9ABA-255ED77627DF}
	EndGlobalSection
	GlobalSection(ExtensibilityGlobals) = postSolution
		SolutionGuid = {0939B6C5-ECA5-446E-84B1-A4AC89E8060C}
	EndGlobalSection
EndGlobal
